PODS:
  - Alamofire (5.11.2)
  - Kingfisher (8.8.1)
  - SnapKit (5.7.1)

DEPENDENCIES:
  - Alamofire
  - Kingfisher
  - SnapKit

SPEC REPOS:
  trunk:
    - Alamofire
    - Kingfisher
    - SnapKit

SPEC CHECKSUMS:
  Alamofire: 400275dd1c6d87d95a041861d2a59da4b520a203
  Kingfisher: b6c16059112dd6bdadf3d7ae01472ea1ef01a6b8
  SnapKit: d612e99e678a2d3b95bf60b0705ed0a35c03484a

PODFILE CHECKSUM: 7bda7f8ad449cb4e98702a736538bbe31ea93f4c

COCOAPODS: 1.16.2
